
Microsoft Visual Studio Solution File, Format Version 12.00
# Visual Studio 15
Project("{FAE04EC0-301F-11D3-BF4B-00C04F79EFBC}") = "Assembly-CSharp", "Assembly-CSharp.csproj", "{DD78C145-2E52-B44C-527C-7DDAD33B6E74}"
EndProject
Global
	GlobalSection(SolutionConfigurationPlatforms) = preSolution
		Debug|Any CPU = Debug|Any CPU
		Release|Any CPU = Release|Any CPU
	EndGlobalSection
	GlobalSection(ProjectConfigurationPlatforms) = postSolution
		{DD78C145-2E52-B44C-527C-7DDAD33B6E74}.Debug|Any CPU.ActiveCfg = Debug|Any CPU
		{DD78C145-2E52-B44C-527C-7DDAD33B6E74}.Debug|Any CPU.Build.0 = Debug|Any CPU
		{DD78C145-2E52-B44C-527C-7DDAD33B6E74}.Release|Any CPU.ActiveCfg = Release|Any CPU
		{DD78C145-2E52-B44C-527C-7DDAD33B6E74}.Release|Any CPU.Build.0 = Release|Any CPU
	EndGlobalSection
	GlobalSection(SolutionProperties) = preSolution
		HideSolutionNode = FALSE
	EndGlobalSection
EndGlobal
